// !$*UTF8*$!
{
	archiveVersion = 1;
	classes = {
	};
	objectVersion = 50;
	objects = {

/* Begin PBXBuildFile section */
		182D8C6D237EF4BF005FB358 /* AppDelegate.swift in Sources */ = {isa = PBXBuildFile; fileRef = 182D8C6C237EF4BF005FB358 /* AppDelegate.swift */; };
		182D8C6F237EF4BF005FB358 /* SceneDelegate.swift in Sources */ = {isa = PBXBuildFile; fileRef = 182D8C6E237EF4BF005FB358 /* SceneDelegate.swift */; };
		182D8C71237EF4BF005FB358 /* ViewController.swift in Sources */ = {isa = PBXBuildFile; fileRef = 182D8C70237EF4BF005FB358 /* ViewController.swift */; };
		182D8C74237EF4BF005FB358 /* Main.storyboard in Resources */ = {isa = PBXBuildFile; fileRef = 182D8C72237EF4BF005FB358 /* Main.storyboard */; };
		182D8C76237EF4C1005FB358 /* Assets.xcassets in Resources */ = {isa = PBXBuildFile; fileRef = 182D8C75237EF4C1005FB358 /* Assets.xcassets */; };
		182D8C79237EF4C1005FB358 /* LaunchScreen.storyboard in Resources */ = {isa = PBXBuildFile; fileRef = 182D8C77237EF4C1005FB358 /* LaunchScreen.storyboard */; };
		182D8C81237EF9B1005FB358 /* Response.swift in Sources */ = {isa = PBXBuildFile; fileRef = 182D8C80237EF9B1005FB358 /* Response.swift */; };
		182D8C83237EFBE8005FB358 /* Api.swift in Sources */ = {isa = PBXBuildFile; fileRef = 182D8C82237EFBE8005FB358 /* Api.swift */; };
/* End PBXBuildFile section */

/* Begin PBXFileReference section */
		182D8C69237EF4BF005FB358 /* IwannabeYumemi.app */ = {isa = PBXFileReference; explicitFileType = wrapper.application; includeInIndex = 0; path = IwannabeYumemi.app; sourceTree = BUILT_PRODUCTS_DIR; };
		182D8C6C237EF4BF005FB358 /* AppDelegate.swift */ = {isa = PBXFileReference; lastKnownFileType = sourcecode.swift; path = AppDelegate.swift; sourceTree = "<group>"; };
		182D8C6E237EF4BF005FB358 /* SceneDelegate.swift */ = {isa = PBXFileReference; lastKnownFileType = sourcecode.swift; path = SceneDelegate.swift; sourceTree = "<group>"; };
		182D8C70237EF4BF005FB358 /* ViewController.swift */ = {isa = PBXFileReference; lastKnownFileType = sourcecode.swift; path = ViewController.swift; sourceTree = "<group>"; };
		182D8C73237EF4BF005FB358 /* Base */ = {isa = PBXFileReference; lastKnownFileType = file.storyboard; name = Base; path = Base.lproj/Main.storyboard; sourceTree = "<group>"; };
		182D8C75237EF4C1005FB358 /* Assets.xcassets */ = {isa = PBXFileReference; lastKnownFileType = folder.assetcatalog; path = Assets.xcassets; sourceTree = "<group>"; };
		182D8C78237EF4C1005FB358 /* Base */ = {isa = PBXFileReference; lastKnownFileType = file.storyboard; name = Base; path = Base.lproj/LaunchScreen.storyboard; sourceTree = "<group>"; };
		182D8C7A237EF4C1005FB358 /* Info.plist */ = {isa = PBXFileReference; lastKnownFileType = text.plist.xml; path = Info.plist; sourceTree = "<group>"; };
		182D8C80237EF9B1005FB358 /* Response.swift */ = {isa = PBXFileReference; lastKnownFileType = sourcecode.swift; path = Response.swift; sourceTree = "<group>"; };
		182D8C82237EFBE8005FB358 /* Api.swift */ = {isa = PBXFileReference; lastKnownFileType = sourcecode.swift; path = Api.swift; sourceTree = "<group>"; };
/* End PBXFileReference section */

/* Begin PBXFrameworksBuildPhase section */
		182D8C66237EF4BF005FB358 /* Frameworks */ = {
			isa = PBXFrameworksBuildPhase;
			buildActionMask = 2147483647;
			files = (
			);
			runOnlyForDeploymentPostprocessing = 0;
		};
/* End PBXFrameworksBuildPhase section */

/* Begin PBXGroup section */
		182D8C60237EF4BF005FB358 = {
			isa = PBXGroup;
			children = (
				182D8C6B237EF4BF005FB358 /* IwannabeYumemi */,
				182D8C6A237EF4BF005FB358 /* Products */,
			);
			sourceTree = "<group>";
		};
		182D8C6A237EF4BF005FB358 /* Products */ = {
			isa = PBXGroup;
			children = (
				182D8C69237EF4BF005FB358 /* IwannabeYumemi.app */,
			);
			name = Products;
			sourceTree = "<group>";
		};
		182D8C6B237EF4BF005FB358 /* IwannabeYumemi */ = {
			isa = PBXGroup;
			children = (
				182D8C87237F0F37005FB358 /* Api */,
				182D8C84237F0EC9005FB358 /* Model */,
				182D8C85237F0EE8005FB358 /* View */,
				182D8C86237F0F0B005FB358 /* Controller */,
				182D8C6C237EF4BF005FB358 /* AppDelegate.swift */,
				182D8C6E237EF4BF005FB358 /* SceneDelegate.swift */,
				182D8C75237EF4C1005FB358 /* Assets.xcassets */,
				182D8C77237EF4C1005FB358 /* LaunchScreen.storyboard */,
				182D8C7A237EF4C1005FB358 /* Info.plist */,
			);
			path = IwannabeYumemi;
			sourceTree = "<group>";
		};
		182D8C84237F0EC9005FB358 /* Model */ = {
			isa = PBXGroup;
			children = (
				182D8C80237EF9B1005FB358 /* Response.swift */,
			);
			path = Model;
			sourceTree = "<group>";
		};
		182D8C85237F0EE8005FB358 /* View */ = {
			isa = PBXGroup;
			children = (
			);
			path = View;
			sourceTree = "<group>";
		};
		182D8C86237F0F0B005FB358 /* Controller */ = {
			isa = PBXGroup;
			children = (
				182D8C70237EF4BF005FB358 /* ViewController.swift */,
				182D8C72237EF4BF005FB358 /* Main.storyboard */,
			);
			path = Controller;
			sourceTree = "<group>";
		};
		182D8C87237F0F37005FB358 /* Api */ = {
			isa = PBXGroup;
			children = (
				182D8C82237EFBE8005FB358 /* Api.swift */,
			);
			path = Api;
			sourceTree = "<group>";
		};
/* End PBXGroup section */

/* Begin PBXNativeTarget section */
		182D8C68237EF4BF005FB358 /* IwannabeYumemi */ = {
			isa = PBXNativeTarget;
			buildConfigurationList = 182D8C7D237EF4C1005FB358 /* Build configuration list for PBXNativeTarget "IwannabeYumemi" */;
			buildPhases = (
				182D8C65237EF4BF005FB358 /* Sources */,
				182D8C66237EF4BF005FB358 /* Frameworks */,
				182D8C67237EF4BF005FB358 /* Resources */,
			);
			buildRules = (
			);
			dependencies = (
			);
			name = IwannabeYumemi;
			productName = IwannabeYumemi;
			productReference = 182D8C69237EF4BF005FB358 /* IwannabeYumemi.app */;
			productType = "com.apple.product-type.application";
		};
/* End PBXNativeTarget section */

/* Begin PBXProject section */
		182D8C61237EF4BF005FB358 /* Project object */ = {
			isa = PBXProject;
			attributes = {
				LastSwiftUpdateCheck = 1120;
				LastUpgradeCheck = 1120;
				ORGANIZATIONNAME = yamolean;
				TargetAttributes = {
					182D8C68237EF4BF005FB358 = {
						CreatedOnToolsVersion = 11.2;
					};
				};
			};
			buildConfigurationList = 182D8C64237EF4BF005FB358 /* Build configuration list for PBXProject "IwannabeYumemi" */;
			compatibilityVersion = "Xcode 9.3";
			developmentRegion = en;
			hasScannedForEncodings = 0;
			knownRegions = (
				en,
				Base,
			);
			mainGroup = 182D8C60237EF4BF005FB358;
			productRefGroup = 182D8C6A237EF4BF005FB358 /* Products */;
			projectDirPath = "";
			projectRoot = "";
			targets = (
				182D8C68237EF4BF005FB358 /* IwannabeYumemi */,
			);
		};
/* End PBXProject section */

/* Begin PBXResourcesBuildPhase section */
		182D8C67237EF4BF005FB358 /* Resources */ = {
			isa = PBXResourcesBuildPhase;
			buildActionMask = 2147483647;
			files = (
				182D8C79237EF4C1005FB358 /* LaunchScreen.storyboard in Resources */,
				182D8C76237EF4C1005FB358 /* Assets.xcassets in Resources */,
				182D8C74237EF4BF005FB358 /* Main.storyboard in Resources */,
			);
			runOnlyForDeploymentPostprocessing = 0;
		};
/* End PBXResourcesBuildPhase section */

/* Begin PBXSourcesBuildPhase section */
		182D8C65237EF4BF005FB358 /* Sources */ = {
			isa = PBXSourcesBuildPhase;
			buildActionMask = 2147483647;
			files = (
				182D8C81237EF9B1005FB358 /* Response.swift in Sources */,
				182D8C71237EF4BF005FB358 /* ViewController.swift in Sources */,
				182D8C6D237EF4BF005FB358 /* AppDelegate.swift in Sources */,
				182D8C83237EFBE8005FB358 /* Api.swift in Sources */,
				182D8C6F237EF4BF005FB358 /* SceneDelegate.swift in Sources */,
			);
			runOnlyForDeploymentPostprocessing = 0;
		};
/* End PBXSourcesBuildPhase section */

/* Begin PBXVariantGroup section */
		182D8C72237EF4BF005FB358 /* Main.storyboard */ = {
			isa = PBXVariantGroup;
			children = (
				182D8C73237EF4BF005FB358 /* Base */,
			);
			name = Main.storyboard;
			sourceTree = "<group>";
		};
		182D8C77237EF4C1005FB358 /* LaunchScreen.storyboard */ = {
			isa = PBXVariantGroup;
			children = (
				182D8C78237EF4C1005FB358 /* Base */,
			);
			name = LaunchScreen.storyboard;
			sourceTree = "<group>";
		};
/* End PBXVariantGroup section */

/* Begin XCBuildConfiguration section */
		182D8C7B237EF4C1005FB358 /* Debug */ = {
			isa = XCBuildConfiguration;
			buildSettings = {
				ALWAYS_SEARCH_USER_PATHS = NO;
				CLANG_ANALYZER_NONNULL = YES;
				CLANG_ANALYZER_NUMBER_OBJECT_CONVERSION = YES_AGGRESSIVE;
				CLANG_CXX_LANGUAGE_STANDARD = "gnu++14";
				CLANG_CXX_LIBRARY = "libc++";
				CLANG_ENABLE_MODULES = YES;
				CLANG_ENABLE_OBJC_ARC = YES;
				CLANG_ENABLE_OBJC_WEAK = YES;
				CLANG_WARN_BLOCK_CAPTURE_AUTORELEASING = YES;
				CLANG_WARN_BOOL_CONVERSION = YES;
				CLANG_WARN_COMMA = YES;
				CLANG_WARN_CONSTANT_CONVERSION = YES;
				CLANG_WARN_DEPRECATED_OBJC_IMPLEMENTATIONS = YES;
				CLANG_WARN_DIRECT_OBJC_ISA_USAGE = YES_ERROR;
				CLANG_WARN_DOCUMENTATION_COMMENTS = YES;
				CLANG_WARN_EMPTY_BODY = YES;
				CLANG_WARN_ENUM_CONVERSION = YES;
				CLANG_WARN_INFINITE_RECURSION = YES;
				CLANG_WARN_INT_CONVERSION = YES;
				CLANG_WARN_NON_LITERAL_NULL_CONVERSION = YES;
				CLANG_WARN_OBJC_IMPLICIT_RETAIN_SELF = YES;
				CLANG_WARN_OBJC_LITERAL_CONVERSION = YES;
				CLANG_WARN_OBJC_ROOT_CLASS = YES_ERROR;
				CLANG_WARN_RANGE_LOOP_ANALYSIS = YES;
				CLANG_WARN_STRICT_PROTOTYPES = YES;
				CLANG_WARN_SUSPICIOUS_MOVE = YES;
				CLANG_WARN_UNGUARDED_AVAILABILITY = YES_AGGRESSIVE;
				CLANG_WARN_UNREACHABLE_CODE = YES;
				CLANG_WARN__DUPLICATE_METHOD_MATCH = YES;
				COPY_PHASE_STRIP = NO;
				DEBUG_INFORMATION_FORMAT = dwarf;
				ENABLE_STRICT_OBJC_MSGSEND = YES;
				ENABLE_TESTABILITY = YES;
				GCC_C_LANGUAGE_STANDARD = gnu11;
				GCC_DYNAMIC_NO_PIC = NO;
				GCC_NO_COMMON_BLOCKS = YES;
				GCC_OPTIMIZATION_LEVEL = 0;
				GCC_PREPROCESSOR_DEFINITIONS = (
					"DEBUG=1",
					"$(inherited)",
				);
				GCC_WARN_64_TO_32_BIT_CONVERSION = YES;
				GCC_WARN_ABOUT_RETURN_TYPE = YES_ERROR;
				GCC_WARN_UNDECLARED_SELECTOR = YES;
				GCC_WARN_UNINITIALIZED_AUTOS = YES_AGGRESSIVE;
				GCC_WARN_UNUSED_FUNCTION = YES;
				GCC_WARN_UNUSED_VARIABLE = YES;
				IPHONEOS_DEPLOYMENT_TARGET = 13.2;
				MTL_ENABLE_DEBUG_INFO = INCLUDE_SOURCE;
				MTL_FAST_MATH = YES;
				ONLY_ACTIVE_ARCH = YES;
				SDKROOT = iphoneos;
				SWIFT_ACTIVE_COMPILATION_CONDITIONS = DEBUG;
				SWIFT_OPTIMIZATION_LEVEL = "-Onone";
			};
			name = Debug;
		};
		182D8C7C237EF4C1005FB358 /* Release */ = {
			isa = XCBuildConfiguration;
			buildSettings = {
				ALWAYS_SEARCH_USER_PATHS = NO;
				CLANG_ANALYZER_NONNULL = YES;
				CLANG_ANALYZER_NUMBER_OBJECT_CONVERSION = YES_AGGRESSIVE;
				CLANG_CXX_LANGUAGE_STANDARD = "gnu++14";
				CLANG_CXX_LIBRARY = "libc++";
				CLANG_ENABLE_MODULES = YES;
				CLANG_ENABLE_OBJC_ARC = YES;
				CLANG_ENABLE_OBJC_WEAK = YES;
				CLANG_WARN_BLOCK_CAPTURE_AUTORELEASING = YES;
				CLANG_WARN_BOOL_CONVERSION = YES;
				CLANG_WARN_COMMA = YES;
				CLANG_WARN_CONSTANT_CONVERSION = YES;
				CLANG_WARN_DEPRECATED_OBJC_IMPLEMENTATIONS = YES;
				CLANG_WARN_DIRECT_OBJC_ISA_USAGE = YES_ERROR;
				CLANG_WARN_DOCUMENTATION_COMMENTS = YES;
				CLANG_WARN_EMPTY_BODY = YES;
				CLANG_WARN_ENUM_CONVERSION = YES;
				CLANG_WARN_INFINITE_RECURSION = YES;
				CLANG_WARN_INT_CONVERSION = YES;
				CLANG_WARN_NON_LITERAL_NULL_CONVERSION = YES;
				CLANG_WARN_OBJC_IMPLICIT_RETAIN_SELF = YES;
				CLANG_WARN_OBJC_LITERAL_CONVERSION = YES;
				CLANG_WARN_OBJC_ROOT_CLASS = YES_ERROR;
				CLANG_WARN_RANGE_LOOP_ANALYSIS = YES;
				CLANG_WARN_STRICT_PROTOTYPES = YES;
				CLANG_WARN_SUSPICIOUS_MOVE = YES;
				CLANG_WARN_UNGUARDED_AVAILABILITY = YES_AGGRESSIVE;
				CLANG_WARN_UNREACHABLE_CODE = YES;
				CLANG_WARN__DUPLICATE_METHOD_MATCH = YES;
				COPY_PHASE_STRIP = NO;
				DEBUG_INFORMATION_FORMAT = "dwarf-with-dsym";
				ENABLE_NS_ASSERTIONS = NO;
				ENABLE_STRICT_OBJC_MSGSEND = YES;
				GCC_C_LANGUAGE_STANDARD = gnu11;
				GCC_NO_COMMON_BLOCKS = YES;
				GCC_WARN_64_TO_32_BIT_CONVERSION = YES;
				GCC_WARN_ABOUT_RETURN_TYPE = YES_ERROR;
				GCC_WARN_UNDECLARED_SELECTOR = YES;
				GCC_WARN_UNINITIALIZED_AUTOS = YES_AGGRESSIVE;
				GCC_WARN_UNUSED_FUNCTION = YES;
				GCC_WARN_UNUSED_VARIABLE = YES;
				IPHONEOS_DEPLOYMENT_TARGET = 13.2;
				MTL_ENABLE_DEBUG_INFO = NO;
				MTL_FAST_MATH = YES;
				SDKROOT = iphoneos;
				SWIFT_COMPILATION_MODE = wholemodule;
				SWIFT_OPTIMIZATION_LEVEL = "-O";
				VALIDATE_PRODUCT = YES;
			};
			name = Release;
		};
		182D8C7E237EF4C1005FB358 /* Debug */ = {
			isa = XCBuildConfiguration;
			buildSettings = {
				ASSETCATALOG_COMPILER_APPICON_NAME = AppIcon;
				CODE_SIGN_STYLE = Automatic;
				INFOPLIST_FILE = IwannabeYumemi/Info.plist;
				LD_RUNPATH_SEARCH_PATHS = (
					"$(inherited)",
					"@executable_path/Frameworks",
				);
				PRODUCT_BUNDLE_IDENTIFIER = yamolean.IwannabeYumemi;
				PRODUCT_NAME = "$(TARGET_NAME)";
				SWIFT_VERSION = 5.0;
				TARGETED_DEVICE_FAMILY = "1,2";
			};
			name = Debug;
		};
		182D8C7F237EF4C1005FB358 /* Release */ = {
			isa = XCBuildConfiguration;
			buildSettings = {
				ASSETCATALOG_COMPILER_APPICON_NAME = AppIcon;
				CODE_SIGN_STYLE = Automatic;
				INFOPLIST_FILE = IwannabeYumemi/Info.plist;
				LD_RUNPATH_SEARCH_PATHS = (
					"$(inherited)",
					"@executable_path/Frameworks",
				);
				PRODUCT_BUNDLE_IDENTIFIER = yamolean.IwannabeYumemi;
				PRODUCT_NAME = "$(TARGET_NAME)";
				SWIFT_VERSION = 5.0;
				TARGETED_DEVICE_FAMILY = "1,2";
			};
			name = Release;
		};
/* End XCBuildConfiguration section */

/* Begin XCConfigurationList section */
		182D8C64237EF4BF005FB358 /* Build configuration list for PBXProject "IwannabeYumemi" */ = {
			isa = XCConfigurationList;
			buildConfigurations = (
				182D8C7B237EF4C1005FB358 /* Debug */,
				182D8C7C237EF4C1005FB358 /* Release */,
			);
			defaultConfigurationIsVisible = 0;
			defaultConfigurationName = Release;
		};
		182D8C7D237EF4C1005FB358 /* Build configuration list for PBXNativeTarget "IwannabeYumemi" */ = {
			isa = XCConfigurationList;
			buildConfigurations = (
				182D8C7E237EF4C1005FB358 /* Debug */,
				182D8C7F237EF4C1005FB358 /* Release */,
			);
			defaultConfigurationIsVisible = 0;
			defaultConfigurationName = Release;
		};
/* End XCConfigurationList section */
	};
	rootObject = 182D8C61237EF4BF005FB358 /* Project object */;
}
